# This file was autogenerated by uv via the following command:
#    uv pip compile requirements.txt -o requirements.lock
alembic==1.15.1
    # via -r requirements.txt
annotated-types==0.7.0
    # via
    #   -r requirements.txt
    #   pydantic
anyio==4.8.0
    # via
    #   -r requirements.txt
    #   httpx
    #   pycrdt
    #   starlette
certifi==2025.1.31
    # via
    #   -r requirements.txt
    #   httpcore
    #   httpx
    #   requests
charset-normalizer==3.4.1
    # via
    #   -r requirements.txt
    #   requests
click==8.1.8
    # via
    #   -r requirements.txt
    #   marimo
    #   uvicorn
docutils==0.21.2
    # via
    #   -r requirements.txt
    #   marimo
filelock==3.18.0
    # via
    #   -r requirements.txt
    #   huggingface-hub
    #   torch
    #   transformers
fsspec==2025.3.0
    # via
    #   -r requirements.txt
    #   huggingface-hub
    #   torch
h11==0.14.0
    # via
    #   -r requirements.txt
    #   httpcore
    #   uvicorn
httpcore==1.0.7
    # via
    #   -r requirements.txt
    #   httpx
httpx==0.28.1
    # via
    #   -r requirements.txt
    #   langsmith
huggingface-hub==0.29.3
    # via
    #   -r requirements.txt
    #   sentence-transformers
    #   tokenizers
    #   transformers
idna==3.10
    # via
    #   -r requirements.txt
    #   anyio
    #   httpx
    #   requests
itsdangerous==2.2.0
    # via
    #   -r requirements.txt
    #   marimo
jedi==0.19.2
    # via
    #   -r requirements.txt
    #   marimo
jinja2==3.1.6
    # via
    #   -r requirements.txt
    #   torch
joblib==1.4.2
    # via
    #   -r requirements.txt
    #   scikit-learn
jsonpatch==1.33
    # via
    #   -r requirements.txt
    #   langchain-core
jsonpointer==3.0.0
    # via
    #   -r requirements.txt
    #   jsonpatch
langchain==0.3.20
    # via -r requirements.txt
langchain-core==0.3.45
    # via
    #   -r requirements.txt
    #   langchain
    #   langchain-text-splitters
langchain-text-splitters==0.3.6
    # via
    #   -r requirements.txt
    #   langchain
langsmith==0.3.15
    # via
    #   -r requirements.txt
    #   langchain
    #   langchain-core
mako==1.3.9
    # via
    #   -r requirements.txt
    #   alembic
marimo==0.11.17
    # via -r requirements.txt
markdown==3.7
    # via
    #   -r requirements.txt
    #   marimo
    #   pymdown-extensions
markupsafe==3.0.2
    # via
    #   -r requirements.txt
    #   jinja2
    #   mako
mpmath==1.3.0
    # via
    #   -r requirements.txt
    #   sympy
narwhals==1.30.0
    # via
    #   -r requirements.txt
    #   marimo
networkx==3.4.2
    # via
    #   -r requirements.txt
    #   torch
numpy==2.2.3
    # via
    #   -r requirements.txt
    #   pandas
    #   scikit-learn
    #   scipy
    #   transformers
orjson==3.10.15
    # via
    #   -r requirements.txt
    #   langsmith
packaging==24.2
    # via
    #   -r requirements.txt
    #   huggingface-hub
    #   langchain-core
    #   langsmith
    #   marimo
    #   transformers
pandas==2.2.3
    # via -r requirements.txt
parso==0.8.4
    # via
    #   -r requirements.txt
    #   jedi
pillow==11.1.0
    # via
    #   -r requirements.txt
    #   sentence-transformers
pip==24.0
    # via -r requirements.txt
polars==1.24.0
    # via -r requirements.txt
psutil==7.0.0
    # via
    #   -r requirements.txt
    #   marimo
pycrdt==0.11.1
    # via
    #   -r requirements.txt
    #   marimo
pydantic==2.10.6
    # via
    #   -r requirements.txt
    #   langchain
    #   langchain-core
    #   langsmith
pydantic-core==2.27.2
    # via
    #   -r requirements.txt
    #   pydantic
pygments==2.19.1
    # via
    #   -r requirements.txt
    #   marimo
pymdown-extensions==10.14.3
    # via
    #   -r requirements.txt
    #   marimo
python-dateutil==2.9.0.post0
    # via
    #   -r requirements.txt
    #   pandas
python-dotenv==1.0.1
    # via -r requirements.txt
python-env==1.0.0
    # via -r requirements.txt
pytz==2025.1
    # via
    #   -r requirements.txt
    #   pandas
pyyaml==6.0.2
    # via
    #   -r requirements.txt
    #   huggingface-hub
    #   langchain
    #   langchain-core
    #   marimo
    #   pymdown-extensions
    #   transformers
regex==2024.11.6
    # via
    #   -r requirements.txt
    #   transformers
requests==2.32.3
    # via
    #   -r requirements.txt
    #   huggingface-hub
    #   langchain
    #   langsmith
    #   requests-toolbelt
    #   transformers
requests-toolbelt==1.0.0
    # via
    #   -r requirements.txt
    #   langsmith
ruff==0.9.10
    # via
    #   -r requirements.txt
    #   marimo
safetensors==0.5.3
    # via
    #   -r requirements.txt
    #   transformers
scikit-learn==1.6.1
    # via
    #   -r requirements.txt
    #   sentence-transformers
scipy==1.15.2
    # via
    #   -r requirements.txt
    #   scikit-learn
    #   sentence-transformers
sentence-transformers==3.4.1
    # via -r requirements.txt
setuptools==76.0.0
    # via
    #   -r requirements.txt
    #   torch
six==1.17.0
    # via
    #   -r requirements.txt
    #   python-dateutil
sniffio==1.3.1
    # via
    #   -r requirements.txt
    #   anyio
sqlalchemy==2.0.39
    # via
    #   -r requirements.txt
    #   alembic
    #   langchain
starlette==0.46.1
    # via
    #   -r requirements.txt
    #   marimo
sympy==1.13.1
    # via
    #   -r requirements.txt
    #   torch
tenacity==9.0.0
    # via
    #   -r requirements.txt
    #   langchain-core
threadpoolctl==3.6.0
    # via
    #   -r requirements.txt
    #   scikit-learn
tokenizers==0.21.1
    # via
    #   -r requirements.txt
    #   transformers
tomlkit==0.13.2
    # via
    #   -r requirements.txt
    #   marimo
torch==2.6.0
    # via
    #   -r requirements.txt
    #   sentence-transformers
tqdm==4.67.1
    # via
    #   -r requirements.txt
    #   huggingface-hub
    #   sentence-transformers
    #   transformers
transformers==4.49.0
    # via
    #   -r requirements.txt
    #   sentence-transformers
typing-extensions==4.12.2
    # via
    #   -r requirements.txt
    #   alembic
    #   anyio
    #   huggingface-hub
    #   langchain-core
    #   pydantic
    #   pydantic-core
    #   sqlalchemy
    #   torch
tzdata==2025.1
    # via
    #   -r requirements.txt
    #   pandas
urllib3==2.3.0
    # via
    #   -r requirements.txt
    #   requests
uv==0.6.6
    # via -r requirements.txt
uvicorn==0.34.0
    # via
    #   -r requirements.txt
    #   marimo
websockets==15.0.1
    # via
    #   -r requirements.txt
    #   marimo
zstandard==0.23.0
    # via
    #   -r requirements.txt
    #   langsmith
